{
  "name": "encrypt-config-tsmx-secure-config-tool-test",
  "lockfileVersion": 2,
  "requires": true,
  "packages": {
    "": {
      "dependencies": {
        "@tsmx/secure-config": "github:tsmx/secure-config"
      }
    },
    "node_modules/@tsmx/json-traverse": {
      "version": "1.0.5",
      "resolved": "https://registry.npmjs.org/@tsmx/json-traverse/-/json-traverse-1.0.5.tgz",
      "integrity": "sha512-UBfkusqfmazdLWdn8ysnF16SlOlgUZQkN2bdWLU/hBT4jrVx/vEaqzblMtRgepLG3D6KwoWYvnlBlSskEnEk6A==",
      "engines": {
        "node": ">=10.0.0",
        "npm": ">=6.0.0"
      }
    },
    "node_modules/@tsmx/object-hmac": {
      "version": "1.1.2",
      "resolved": "https://registry.npmjs.org/@tsmx/object-hmac/-/object-hmac-1.1.2.tgz",
      "integrity": "sha512-RNbWG/Jx5XuyF0vxZ3s+8aRa2hNrAjmH0QKCmcpi9/el+T3Vt1LCaTjTzBLQ21u+GvhCuYwwoD+SepKk1/6ruw==",
      "dependencies": {
        "@tsmx/json-traverse": "^1.0.3"
      },
      "engines": {
        "node": ">=12.0.0",
        "npm": ">=6.0.0"
      }
    },
    "node_modules/@tsmx/secure-config": {
      "version": "2.0.0",
      "resolved": "git+ssh://git@github.com/tsmx/secure-config.git#3837531743ec0273bfd62066953456923e179617",
      "license": "MIT",
      "dependencies": {
        "@tsmx/json-traverse": "^1.0.2",
        "@tsmx/object-hmac": "^1.1.1",
        "@tsmx/string-crypto": "^1.0.2"
      },
      "engines": {
        "node": ">=12.0.0",
        "npm": ">=6.0.0"
      }
    },
    "node_modules/@tsmx/string-crypto": {
      "version": "1.0.4",
      "resolved": "https://registry.npmjs.org/@tsmx/string-crypto/-/string-crypto-1.0.4.tgz",
      "integrity": "sha512-l2bHOwcz0ZtDk7qIR5M4yErFsWo8tc12/0pIUsht0zDvIOrr4xIIfwR6rRVHNrOvUjolvm5xEJfYGVP1dZv/FQ==",
      "engines": {
        "node": ">=10.0.0",
        "npm": ">=6.0.0"
      }
    }
  },
  "dependencies": {
    "@tsmx/json-traverse": {
      "version": "1.0.5",
      "resolved": "https://registry.npmjs.org/@tsmx/json-traverse/-/json-traverse-1.0.5.tgz",
      "integrity": "sha512-UBfkusqfmazdLWdn8ysnF16SlOlgUZQkN2bdWLU/hBT4jrVx/vEaqzblMtRgepLG3D6KwoWYvnlBlSskEnEk6A=="
    },
    "@tsmx/object-hmac": {
      "version": "1.1.2",
      "resolved": "https://registry.npmjs.org/@tsmx/object-hmac/-/object-hmac-1.1.2.tgz",
      "integrity": "sha512-RNbWG/Jx5XuyF0vxZ3s+8aRa2hNrAjmH0QKCmcpi9/el+T3Vt1LCaTjTzBLQ21u+GvhCuYwwoD+SepKk1/6ruw==",
      "requires": {
        "@tsmx/json-traverse": "^1.0.3"
      }
    },
    "@tsmx/secure-config": {
      "version": "git+ssh://git@github.com/tsmx/secure-config.git#3837531743ec0273bfd62066953456923e179617",
      "from": "@tsmx/secure-config@tsmx/secure-config",
      "requires": {
        "@tsmx/json-traverse": "^1.0.2",
        "@tsmx/object-hmac": "^1.1.1",
        "@tsmx/string-crypto": "^1.0.2"
      }
    },
    "@tsmx/string-crypto": {
      "version": "1.0.4",
      "resolved": "https://registry.npmjs.org/@tsmx/string-crypto/-/string-crypto-1.0.4.tgz",
      "integrity": "sha512-l2bHOwcz0ZtDk7qIR5M4yErFsWo8tc12/0pIUsht0zDvIOrr4xIIfwR6rRVHNrOvUjolvm5xEJfYGVP1dZv/FQ=="
    }
  }
}
